
Microsoft Visual Studio Solution File, Format Version 12.00
# Visual Studio 14
VisualStudioVersion = 14.0.25420.1
MinimumVisualStudioVersion = 10.0.40219.1
Project("{2150E333-8FDC-42A3-9474-1A3956D46DE8}") = "src", "src", "{6CBDF9FC-D22B-426E-A5A6-E4A2D095976E}"
EndProject
Project("{2150E333-8FDC-42A3-9474-1A3956D46DE8}") = "Solution Items", "Solution Items", "{DF6D1490-BCC1-4684-A032-4A358085170B}"
	ProjectSection(SolutionItems) = preProject
		global.json = global.json
		README-ENITIYFRAMEWORK.md = README-ENITIYFRAMEWORK.md
		README-MVC-LOCALIZATION.md = README-MVC-LOCALIZATION.md
		README-MVC.md = README-MVC.md
		README-SERVICES.md = README-SERVICES.md
		README.md = README.md
	EndProjectSection
EndProject
Project("{2150E333-8FDC-42A3-9474-1A3956D46DE8}") = "test", "test", "{2A413C2B-93C8-4CD7-BCBE-F6DE1B3ADEA9}"
EndProject
Project("{8BB2217D-0F2D-49D1-97BC-3654ED321F3B}") = "Detached.EntityFramework", "src\Detached.EntityFramework\Detached.EntityFramework.xproj", "{25A5DE5A-7F46-4A46-8865-4BB44EBBE13D}"
EndProject
Project("{8BB2217D-0F2D-49D1-97BC-3654ED321F3B}") = "Detached.EntityFramework.Tests", "test\Detached.EntityFramework.Tests\Detached.EntityFramework.Tests.xproj", "{8555F84A-E20D-4C08-A5D6-E50BFC1AD458}"
EndProject
Project("{8BB2217D-0F2D-49D1-97BC-3654ED321F3B}") = "Detached.DataAnnotations", "src\Detached.DataAnnotations\Detached.DataAnnotations.xproj", "{CAE57FCE-7531-44CE-8A64-0433DAA578D3}"
EndProject
Project("{2150E333-8FDC-42A3-9474-1A3956D46DE8}") = "demo", "demo", "{E24B1EB7-4790-4DE9-ADF8-08A2636F6D33}"
EndProject
Project("{8BB2217D-0F2D-49D1-97BC-3654ED321F3B}") = "Detached.Angular2Demo", "demo\Detached.Angular2Demo\Detached.Angular2Demo.xproj", "{0A133ABC-BE1C-4542-8F0F-DCD3315F30BC}"
EndProject
Project("{8BB2217D-0F2D-49D1-97BC-3654ED321F3B}") = "Detached.Services", "src\Detached.Services\Detached.Services.xproj", "{EBDDAEB2-00F9-4C93-8ADE-165265549501}"
EndProject
Project("{8BB2217D-0F2D-49D1-97BC-3654ED321F3B}") = "Detached.Mvc", "src\Detached.Mvc\Detached.Mvc.xproj", "{206AF418-85E9-40C6-85F2-58144EFF8059}"
EndProject
Project("{8BB2217D-0F2D-49D1-97BC-3654ED321F3B}") = "Detached.Mvc.Controllers", "src\Detached.Mvc.Controllers\Detached.Mvc.Controllers.xproj", "{09D59FB4-FE99-4E3A-B867-32EF550509E0}"
EndProject
Project("{8BB2217D-0F2D-49D1-97BC-3654ED321F3B}") = "Detached.Mvc.Tests", "test\Detached.Mvc.Tests\Detached.Mvc.Tests.xproj", "{0035A3D1-C76F-43A2-ABB5-BBA9979A6FDC}"
EndProject
Global
	GlobalSection(SolutionConfigurationPlatforms) = preSolution
		Debug|Any CPU = Debug|Any CPU
		Release|Any CPU = Release|Any CPU
	EndGlobalSection
	GlobalSection(ProjectConfigurationPlatforms) = postSolution
		{25A5DE5A-7F46-4A46-8865-4BB44EBBE13D}.Debug|Any CPU.ActiveCfg = Debug|Any CPU
		{25A5DE5A-7F46-4A46-8865-4BB44EBBE13D}.Debug|Any CPU.Build.0 = Debug|Any CPU
		{25A5DE5A-7F46-4A46-8865-4BB44EBBE13D}.Release|Any CPU.ActiveCfg = Release|Any CPU
		{25A5DE5A-7F46-4A46-8865-4BB44EBBE13D}.Release|Any CPU.Build.0 = Release|Any CPU
		{8555F84A-E20D-4C08-A5D6-E50BFC1AD458}.Debug|Any CPU.ActiveCfg = Debug|Any CPU
		{8555F84A-E20D-4C08-A5D6-E50BFC1AD458}.Debug|Any CPU.Build.0 = Debug|Any CPU
		{8555F84A-E20D-4C08-A5D6-E50BFC1AD458}.Release|Any CPU.ActiveCfg = Release|Any CPU
		{8555F84A-E20D-4C08-A5D6-E50BFC1AD458}.Release|Any CPU.Build.0 = Release|Any CPU
		{CAE57FCE-7531-44CE-8A64-0433DAA578D3}.Debug|Any CPU.ActiveCfg = Debug|Any CPU
		{CAE57FCE-7531-44CE-8A64-0433DAA578D3}.Debug|Any CPU.Build.0 = Debug|Any CPU
		{CAE57FCE-7531-44CE-8A64-0433DAA578D3}.Release|Any CPU.ActiveCfg = Release|Any CPU
		{CAE57FCE-7531-44CE-8A64-0433DAA578D3}.Release|Any CPU.Build.0 = Release|Any CPU
		{0A133ABC-BE1C-4542-8F0F-DCD3315F30BC}.Debug|Any CPU.ActiveCfg = Debug|Any CPU
		{0A133ABC-BE1C-4542-8F0F-DCD3315F30BC}.Debug|Any CPU.Build.0 = Debug|Any CPU
		{0A133ABC-BE1C-4542-8F0F-DCD3315F30BC}.Release|Any CPU.ActiveCfg = Release|Any CPU
		{0A133ABC-BE1C-4542-8F0F-DCD3315F30BC}.Release|Any CPU.Build.0 = Release|Any CPU
		{EBDDAEB2-00F9-4C93-8ADE-165265549501}.Debug|Any CPU.ActiveCfg = Debug|Any CPU
		{EBDDAEB2-00F9-4C93-8ADE-165265549501}.Debug|Any CPU.Build.0 = Debug|Any CPU
		{EBDDAEB2-00F9-4C93-8ADE-165265549501}.Release|Any CPU.ActiveCfg = Release|Any CPU
		{EBDDAEB2-00F9-4C93-8ADE-165265549501}.Release|Any CPU.Build.0 = Release|Any CPU
		{206AF418-85E9-40C6-85F2-58144EFF8059}.Debug|Any CPU.ActiveCfg = Debug|Any CPU
		{206AF418-85E9-40C6-85F2-58144EFF8059}.Debug|Any CPU.Build.0 = Debug|Any CPU
		{206AF418-85E9-40C6-85F2-58144EFF8059}.Release|Any CPU.ActiveCfg = Release|Any CPU
		{206AF418-85E9-40C6-85F2-58144EFF8059}.Release|Any CPU.Build.0 = Release|Any CPU
		{09D59FB4-FE99-4E3A-B867-32EF550509E0}.Debug|Any CPU.ActiveCfg = Debug|Any CPU
		{09D59FB4-FE99-4E3A-B867-32EF550509E0}.Debug|Any CPU.Build.0 = Debug|Any CPU
		{09D59FB4-FE99-4E3A-B867-32EF550509E0}.Release|Any CPU.ActiveCfg = Release|Any CPU
		{09D59FB4-FE99-4E3A-B867-32EF550509E0}.Release|Any CPU.Build.0 = Release|Any CPU
		{0035A3D1-C76F-43A2-ABB5-BBA9979A6FDC}.Debug|Any CPU.ActiveCfg = Debug|Any CPU
		{0035A3D1-C76F-43A2-ABB5-BBA9979A6FDC}.Debug|Any CPU.Build.0 = Debug|Any CPU
		{0035A3D1-C76F-43A2-ABB5-BBA9979A6FDC}.Release|Any CPU.ActiveCfg = Release|Any CPU
		{0035A3D1-C76F-43A2-ABB5-BBA9979A6FDC}.Release|Any CPU.Build.0 = Release|Any CPU
	EndGlobalSection
	GlobalSection(SolutionProperties) = preSolution
		HideSolutionNode = FALSE
	EndGlobalSection
	GlobalSection(NestedProjects) = preSolution
		{25A5DE5A-7F46-4A46-8865-4BB44EBBE13D} = {6CBDF9FC-D22B-426E-A5A6-E4A2D095976E}
		{8555F84A-E20D-4C08-A5D6-E50BFC1AD458} = {2A413C2B-93C8-4CD7-BCBE-F6DE1B3ADEA9}
		{CAE57FCE-7531-44CE-8A64-0433DAA578D3} = {6CBDF9FC-D22B-426E-A5A6-E4A2D095976E}
		{0A133ABC-BE1C-4542-8F0F-DCD3315F30BC} = {E24B1EB7-4790-4DE9-ADF8-08A2636F6D33}
		{EBDDAEB2-00F9-4C93-8ADE-165265549501} = {6CBDF9FC-D22B-426E-A5A6-E4A2D095976E}
		{206AF418-85E9-40C6-85F2-58144EFF8059} = {6CBDF9FC-D22B-426E-A5A6-E4A2D095976E}
		{09D59FB4-FE99-4E3A-B867-32EF550509E0} = {6CBDF9FC-D22B-426E-A5A6-E4A2D095976E}
		{0035A3D1-C76F-43A2-ABB5-BBA9979A6FDC} = {2A413C2B-93C8-4CD7-BCBE-F6DE1B3ADEA9}
	EndGlobalSection
EndGlobal
