
Microsoft Visual Studio Solution File, Format Version 12.00
# Visual Studio Version 17
VisualStudioVersion = 17.2.32516.85
MinimumVisualStudioVersion = 10.0.40219.1
Project("{2150E333-8FDC-42A3-9474-1A3956D46DE8}") = "src", "src", "{745CB1E1-F50B-4307-8BD6-1ADDC837102B}"
EndProject
Project("{2150E333-8FDC-42A3-9474-1A3956D46DE8}") = "test", "test", "{C9521C36-FBA4-4B3E-AE14-A1735E9D1E71}"
EndProject
Project("{9A19103F-16F7-4668-BE54-9A1E7A4F7556}") = "Detached.Annotations", "src\Detached.Annotations\Detached.Annotations.csproj", "{B0EE39D2-B317-4199-9EF0-D1EF447B5149}"
EndProject
Project("{9A19103F-16F7-4668-BE54-9A1E7A4F7556}") = "Detached.Samples.RestApi", "sample\Detached.Samples.RestApi\Detached.Samples.RestApi.csproj", "{6310ED0B-E8C2-4369-9147-34895A561ABB}"
EndProject
Project("{2150E333-8FDC-42A3-9474-1A3956D46DE8}") = "samples", "samples", "{6DF44ED2-7BB6-46F9-90EE-7A0D90874061}"
EndProject
Project("{2150E333-8FDC-42A3-9474-1A3956D46DE8}") = "Solution Items", "Solution Items", "{F39537CD-6420-43FC-8E81-F6F0FB99535B}"
	ProjectSection(SolutionItems) = preProject
		logo.png = logo.png
		Readme.MD = Readme.MD
	EndProjectSection
EndProject
Project("{9A19103F-16F7-4668-BE54-9A1E7A4F7556}") = "Detached.Mappers", "src\Detached.Mappers\Detached.Mappers.csproj", "{6E0CD895-9653-4BD5-B7B4-A42883F94826}"
EndProject
Project("{9A19103F-16F7-4668-BE54-9A1E7A4F7556}") = "Detached.Mappers.EntityFramework", "src\Detached.Mappers.EntityFramework\Detached.Mappers.EntityFramework.csproj", "{DA563FFB-7793-47D6-8CEC-7E9206F4D0B2}"
EndProject
Project("{9A19103F-16F7-4668-BE54-9A1E7A4F7556}") = "Detached.Mappers.EntityFramework.Tests", "test\Detached.Mappers.EntityFramework.Tests\Detached.Mappers.EntityFramework.Tests.csproj", "{AE2CCD23-0DD6-4B16-960C-BC8B233206BF}"
EndProject
Project("{9A19103F-16F7-4668-BE54-9A1E7A4F7556}") = "Detached.Mappers.Tests", "test\Detached.Mappers.Tests\Detached.Mappers.Tests.csproj", "{15A220B4-B286-4BD4-B9A9-CC2B7A0EB897}"
EndProject
Project("{9A19103F-16F7-4668-BE54-9A1E7A4F7556}") = "Detached.Mappers.EntityFramework.Contrib.SysTec", "contrib\Detached.Mappers.EntityFramework.Contrib.SysTec\Detached.Mappers.EntityFramework.Contrib.SysTec.csproj", "{7338CBDE-3C38-40DC-A3CC-19483C77822A}"
EndProject
Project("{9A19103F-16F7-4668-BE54-9A1E7A4F7556}") = "Detached.Mappers.Json", "src\Detached.Mappers.Json\Detached.Mappers.Json.csproj", "{FE96807B-7F18-4F35-9D7A-C14972B8C921}"
EndProject
Project("{9A19103F-16F7-4668-BE54-9A1E7A4F7556}") = "Detached.Mappers.Json.Tests", "test\Detached.Mappers.Json.Tests\Detached.Mappers.Json.Tests.csproj", "{5AF6CC55-7A59-43F0-999B-4BD4A5B5ACB9}"
EndProject
Project("{9A19103F-16F7-4668-BE54-9A1E7A4F7556}") = "Detached.Mappers.HotChocolate", "src\Detached.Mappers.HotChocolate\Detached.Mappers.HotChocolate.csproj", "{DF4B4AFB-C8AE-4B17-AAAB-AD2693639632}"
EndProject
Project("{2150E333-8FDC-42A3-9474-1A3956D46DE8}") = "contrib", "contrib", "{42962E94-05D1-4D67-8BB2-572B04CBC3F7}"
EndProject
Project("{9A19103F-16F7-4668-BE54-9A1E7A4F7556}") = "Detached.Mappers.HotChocolate.Tests", "test\Detached.Mappers.HotChocolate.Tests\Detached.Mappers.HotChocolate.Tests.csproj", "{B6162ECF-00B0-4506-B3E8-2A4B46517ECE}"
EndProject
Project("{2150E333-8FDC-42A3-9474-1A3956D46DE8}") = "contrib", "contrib", "{5409CE02-02AD-448B-85A5-EFEABA6C52C8}"
EndProject
Project("{FAE04EC0-301F-11D3-BF4B-00C04F79EFBC}") = "Detached.Mappers.Annotation.Tests", "test\Detached.Mappers.Annotation.Tests\Detached.Mappers.Annotation.Tests.csproj", "{713EB397-9271-45F6-811C-CD84CD6BB194}"
EndProject
Global
	GlobalSection(SolutionConfigurationPlatforms) = preSolution
		Debug|Any CPU = Debug|Any CPU
		Release|Any CPU = Release|Any CPU
	EndGlobalSection
	GlobalSection(ProjectConfigurationPlatforms) = postSolution
		{B0EE39D2-B317-4199-9EF0-D1EF447B5149}.Debug|Any CPU.ActiveCfg = Debug|Any CPU
		{B0EE39D2-B317-4199-9EF0-D1EF447B5149}.Debug|Any CPU.Build.0 = Debug|Any CPU
		{B0EE39D2-B317-4199-9EF0-D1EF447B5149}.Release|Any CPU.ActiveCfg = Release|Any CPU
		{B0EE39D2-B317-4199-9EF0-D1EF447B5149}.Release|Any CPU.Build.0 = Release|Any CPU
		{6310ED0B-E8C2-4369-9147-34895A561ABB}.Debug|Any CPU.ActiveCfg = Debug|Any CPU
		{6310ED0B-E8C2-4369-9147-34895A561ABB}.Debug|Any CPU.Build.0 = Debug|Any CPU
		{6310ED0B-E8C2-4369-9147-34895A561ABB}.Release|Any CPU.ActiveCfg = Release|Any CPU
		{6310ED0B-E8C2-4369-9147-34895A561ABB}.Release|Any CPU.Build.0 = Release|Any CPU
		{6E0CD895-9653-4BD5-B7B4-A42883F94826}.Debug|Any CPU.ActiveCfg = Debug|Any CPU
		{6E0CD895-9653-4BD5-B7B4-A42883F94826}.Debug|Any CPU.Build.0 = Debug|Any CPU
		{6E0CD895-9653-4BD5-B7B4-A42883F94826}.Release|Any CPU.ActiveCfg = Release|Any CPU
		{6E0CD895-9653-4BD5-B7B4-A42883F94826}.Release|Any CPU.Build.0 = Release|Any CPU
		{DA563FFB-7793-47D6-8CEC-7E9206F4D0B2}.Debug|Any CPU.ActiveCfg = Debug|Any CPU
		{DA563FFB-7793-47D6-8CEC-7E9206F4D0B2}.Debug|Any CPU.Build.0 = Debug|Any CPU
		{DA563FFB-7793-47D6-8CEC-7E9206F4D0B2}.Release|Any CPU.ActiveCfg = Release|Any CPU
		{DA563FFB-7793-47D6-8CEC-7E9206F4D0B2}.Release|Any CPU.Build.0 = Release|Any CPU
		{AE2CCD23-0DD6-4B16-960C-BC8B233206BF}.Debug|Any CPU.ActiveCfg = Debug|Any CPU
		{AE2CCD23-0DD6-4B16-960C-BC8B233206BF}.Debug|Any CPU.Build.0 = Debug|Any CPU
		{AE2CCD23-0DD6-4B16-960C-BC8B233206BF}.Release|Any CPU.ActiveCfg = Release|Any CPU
		{AE2CCD23-0DD6-4B16-960C-BC8B233206BF}.Release|Any CPU.Build.0 = Release|Any CPU
		{15A220B4-B286-4BD4-B9A9-CC2B7A0EB897}.Debug|Any CPU.ActiveCfg = Debug|Any CPU
		{15A220B4-B286-4BD4-B9A9-CC2B7A0EB897}.Debug|Any CPU.Build.0 = Debug|Any CPU
		{15A220B4-B286-4BD4-B9A9-CC2B7A0EB897}.Release|Any CPU.ActiveCfg = Release|Any CPU
		{15A220B4-B286-4BD4-B9A9-CC2B7A0EB897}.Release|Any CPU.Build.0 = Release|Any CPU
		{7338CBDE-3C38-40DC-A3CC-19483C77822A}.Debug|Any CPU.ActiveCfg = Debug|Any CPU
		{7338CBDE-3C38-40DC-A3CC-19483C77822A}.Debug|Any CPU.Build.0 = Debug|Any CPU
		{7338CBDE-3C38-40DC-A3CC-19483C77822A}.Release|Any CPU.ActiveCfg = Release|Any CPU
		{7338CBDE-3C38-40DC-A3CC-19483C77822A}.Release|Any CPU.Build.0 = Release|Any CPU
		{FE96807B-7F18-4F35-9D7A-C14972B8C921}.Debug|Any CPU.ActiveCfg = Debug|Any CPU
		{FE96807B-7F18-4F35-9D7A-C14972B8C921}.Debug|Any CPU.Build.0 = Debug|Any CPU
		{FE96807B-7F18-4F35-9D7A-C14972B8C921}.Release|Any CPU.ActiveCfg = Release|Any CPU
		{FE96807B-7F18-4F35-9D7A-C14972B8C921}.Release|Any CPU.Build.0 = Release|Any CPU
		{5AF6CC55-7A59-43F0-999B-4BD4A5B5ACB9}.Debug|Any CPU.ActiveCfg = Debug|Any CPU
		{5AF6CC55-7A59-43F0-999B-4BD4A5B5ACB9}.Debug|Any CPU.Build.0 = Debug|Any CPU
		{5AF6CC55-7A59-43F0-999B-4BD4A5B5ACB9}.Release|Any CPU.ActiveCfg = Release|Any CPU
		{5AF6CC55-7A59-43F0-999B-4BD4A5B5ACB9}.Release|Any CPU.Build.0 = Release|Any CPU
		{DF4B4AFB-C8AE-4B17-AAAB-AD2693639632}.Debug|Any CPU.ActiveCfg = Debug|Any CPU
		{DF4B4AFB-C8AE-4B17-AAAB-AD2693639632}.Debug|Any CPU.Build.0 = Debug|Any CPU
		{DF4B4AFB-C8AE-4B17-AAAB-AD2693639632}.Release|Any CPU.ActiveCfg = Release|Any CPU
		{DF4B4AFB-C8AE-4B17-AAAB-AD2693639632}.Release|Any CPU.Build.0 = Release|Any CPU
		{B6162ECF-00B0-4506-B3E8-2A4B46517ECE}.Debug|Any CPU.ActiveCfg = Debug|Any CPU
		{B6162ECF-00B0-4506-B3E8-2A4B46517ECE}.Debug|Any CPU.Build.0 = Debug|Any CPU
		{B6162ECF-00B0-4506-B3E8-2A4B46517ECE}.Release|Any CPU.ActiveCfg = Release|Any CPU
		{B6162ECF-00B0-4506-B3E8-2A4B46517ECE}.Release|Any CPU.Build.0 = Release|Any CPU
		{713EB397-9271-45F6-811C-CD84CD6BB194}.Debug|Any CPU.ActiveCfg = Debug|Any CPU
		{713EB397-9271-45F6-811C-CD84CD6BB194}.Debug|Any CPU.Build.0 = Debug|Any CPU
		{713EB397-9271-45F6-811C-CD84CD6BB194}.Release|Any CPU.ActiveCfg = Release|Any CPU
		{713EB397-9271-45F6-811C-CD84CD6BB194}.Release|Any CPU.Build.0 = Release|Any CPU
	EndGlobalSection
	GlobalSection(SolutionProperties) = preSolution
		HideSolutionNode = FALSE
	EndGlobalSection
	GlobalSection(NestedProjects) = preSolution
		{B0EE39D2-B317-4199-9EF0-D1EF447B5149} = {745CB1E1-F50B-4307-8BD6-1ADDC837102B}
		{6310ED0B-E8C2-4369-9147-34895A561ABB} = {6DF44ED2-7BB6-46F9-90EE-7A0D90874061}
		{6E0CD895-9653-4BD5-B7B4-A42883F94826} = {745CB1E1-F50B-4307-8BD6-1ADDC837102B}
		{DA563FFB-7793-47D6-8CEC-7E9206F4D0B2} = {745CB1E1-F50B-4307-8BD6-1ADDC837102B}
		{AE2CCD23-0DD6-4B16-960C-BC8B233206BF} = {C9521C36-FBA4-4B3E-AE14-A1735E9D1E71}
		{15A220B4-B286-4BD4-B9A9-CC2B7A0EB897} = {C9521C36-FBA4-4B3E-AE14-A1735E9D1E71}
		{7338CBDE-3C38-40DC-A3CC-19483C77822A} = {42962E94-05D1-4D67-8BB2-572B04CBC3F7}
		{FE96807B-7F18-4F35-9D7A-C14972B8C921} = {745CB1E1-F50B-4307-8BD6-1ADDC837102B}
		{5AF6CC55-7A59-43F0-999B-4BD4A5B5ACB9} = {C9521C36-FBA4-4B3E-AE14-A1735E9D1E71}
		{DF4B4AFB-C8AE-4B17-AAAB-AD2693639632} = {5409CE02-02AD-448B-85A5-EFEABA6C52C8}
		{42962E94-05D1-4D67-8BB2-572B04CBC3F7} = {C9521C36-FBA4-4B3E-AE14-A1735E9D1E71}
		{B6162ECF-00B0-4506-B3E8-2A4B46517ECE} = {42962E94-05D1-4D67-8BB2-572B04CBC3F7}
		{5409CE02-02AD-448B-85A5-EFEABA6C52C8} = {745CB1E1-F50B-4307-8BD6-1ADDC837102B}
		{713EB397-9271-45F6-811C-CD84CD6BB194} = {C9521C36-FBA4-4B3E-AE14-A1735E9D1E71}
	EndGlobalSection
	GlobalSection(ExtensibilityGlobals) = postSolution
		SolutionGuid = {7FC47439-B36B-45BB-BEEC-A6D595358C63}
	EndGlobalSection
EndGlobal
