
Microsoft Visual Studio Solution File, Format Version 12.00
# Visual Studio 14
VisualStudioVersion = 14.0.25420.1
MinimumVisualStudioVersion = 10.0.40219.1
Project("{2150E333-8FDC-42A3-9474-1A3956D46DE8}") = "src", "src", "{6CBDF9FC-D22B-426E-A5A6-E4A2D095976E}"
EndProject
Project("{2150E333-8FDC-42A3-9474-1A3956D46DE8}") = "Solution Items", "Solution Items", "{DF6D1490-BCC1-4684-A032-4A358085170B}"
	ProjectSection(SolutionItems) = preProject
		global.json = global.json
	EndProjectSection
EndProject
Project("{2150E333-8FDC-42A3-9474-1A3956D46DE8}") = "test", "test", "{2A413C2B-93C8-4CD7-BCBE-F6DE1B3ADEA9}"
EndProject
Project("{8BB2217D-0F2D-49D1-97BC-3654ED321F3B}") = "EntityFrameworkCore.Detached.Tests", "test\EntityFrameworkCore.Detached.Tests\EntityFrameworkCore.Detached.Tests.xproj", "{8555F84A-E20D-4C08-A5D6-E50BFC1AD458}"
EndProject
Project("{8BB2217D-0F2D-49D1-97BC-3654ED321F3B}") = "EntityFrameworkCore.Detached", "src\EntityFrameworkCore.Detached\EntityFrameworkCore.Detached.xproj", "{25A5DE5A-7F46-4A46-8865-4BB44EBBE13D}"
EndProject
Project("{8BB2217D-0F2D-49D1-97BC-3654ED321F3B}") = "EntityFrameworkCore.Detached.DataAnnotations", "src\EntityFrameworkCore.Detached.DataAnnotations\EntityFrameworkCore.Detached.DataAnnotations.xproj", "{CAE57FCE-7531-44CE-8A64-0433DAA578D3}"
EndProject
Global
	GlobalSection(SolutionConfigurationPlatforms) = preSolution
		Debug|Any CPU = Debug|Any CPU
		Release|Any CPU = Release|Any CPU
	EndGlobalSection
	GlobalSection(ProjectConfigurationPlatforms) = postSolution
		{8555F84A-E20D-4C08-A5D6-E50BFC1AD458}.Debug|Any CPU.ActiveCfg = Debug|Any CPU
		{8555F84A-E20D-4C08-A5D6-E50BFC1AD458}.Debug|Any CPU.Build.0 = Debug|Any CPU
		{8555F84A-E20D-4C08-A5D6-E50BFC1AD458}.Release|Any CPU.ActiveCfg = Release|Any CPU
		{8555F84A-E20D-4C08-A5D6-E50BFC1AD458}.Release|Any CPU.Build.0 = Release|Any CPU
		{25A5DE5A-7F46-4A46-8865-4BB44EBBE13D}.Debug|Any CPU.ActiveCfg = Debug|Any CPU
		{25A5DE5A-7F46-4A46-8865-4BB44EBBE13D}.Debug|Any CPU.Build.0 = Debug|Any CPU
		{25A5DE5A-7F46-4A46-8865-4BB44EBBE13D}.Release|Any CPU.ActiveCfg = Release|Any CPU
		{25A5DE5A-7F46-4A46-8865-4BB44EBBE13D}.Release|Any CPU.Build.0 = Release|Any CPU
		{CAE57FCE-7531-44CE-8A64-0433DAA578D3}.Debug|Any CPU.ActiveCfg = Debug|Any CPU
		{CAE57FCE-7531-44CE-8A64-0433DAA578D3}.Debug|Any CPU.Build.0 = Debug|Any CPU
		{CAE57FCE-7531-44CE-8A64-0433DAA578D3}.Release|Any CPU.ActiveCfg = Release|Any CPU
		{CAE57FCE-7531-44CE-8A64-0433DAA578D3}.Release|Any CPU.Build.0 = Release|Any CPU
	EndGlobalSection
	GlobalSection(SolutionProperties) = preSolution
		HideSolutionNode = FALSE
	EndGlobalSection
	GlobalSection(NestedProjects) = preSolution
		{8555F84A-E20D-4C08-A5D6-E50BFC1AD458} = {2A413C2B-93C8-4CD7-BCBE-F6DE1B3ADEA9}
		{25A5DE5A-7F46-4A46-8865-4BB44EBBE13D} = {6CBDF9FC-D22B-426E-A5A6-E4A2D095976E}
		{CAE57FCE-7531-44CE-8A64-0433DAA578D3} = {6CBDF9FC-D22B-426E-A5A6-E4A2D095976E}
	EndGlobalSection
EndGlobal
